
Microsoft Visual Studio Solution File, Format Version 12.00
# Visual Studio Version 17
VisualStudioVersion = 17.4.33213.308
MinimumVisualStudioVersion = 10.0.40219.1
Project("{2150E333-8FDC-42A3-9474-1A3956D46DE8}") = "Src", "Src", "{E57F5383-756F-41F5-815B-E170903D7F39}"
EndProject
Project("{2150E333-8FDC-42A3-9474-1A3956D46DE8}") = "Presentation", "Presentation", "{A9B2F300-986A-44E4-88E3-2EE09B47ADFB}"
EndProject
Project("{9A19103F-16F7-4668-BE54-9A1E7A4F7556}") = "AlfaKargo.App", "Src\Presentation\AlfaKargo.App\AlfaKargo.App.csproj", "{739921F7-E59A-429C-A769-E0E5F831EB8B}"
EndProject
Project("{2150E333-8FDC-42A3-9474-1A3956D46DE8}") = "Core", "Core", "{F043DB02-CB0D-4946-9F11-2252367F8D09}"
EndProject
Project("{FAE04EC0-301F-11D3-BF4B-00C04F79EFBC}") = "AlfaKuryer.Domain", "Src\Core\AlfaKuryer.Domain\AlfaKuryer.Domain.csproj", "{36054A15-F0EC-4D88-A2A3-AA4A8708AE0E}"
EndProject
Project("{FAE04EC0-301F-11D3-BF4B-00C04F79EFBC}") = "AlfaKuryer.Application", "Src\Core\AlfaKuryer.Application\AlfaKuryer.Application.csproj", "{705250B7-A576-4CD7-9849-67FE8815451D}"
EndProject
Project("{2150E333-8FDC-42A3-9474-1A3956D46DE8}") = "Infrastucture", "Infrastucture", "{E408F861-3D8D-4111-AC01-1CB105DBB68D}"
EndProject
Project("{FAE04EC0-301F-11D3-BF4B-00C04F79EFBC}") = "AlfaKuryer.Persistance", "Src\Infrastucture\AlfaKuryer.Persistance\AlfaKuryer.Persistance.csproj", "{EE3D7667-44D6-47C4-9638-2DA5A0D0ECD6}"
EndProject
Project("{FAE04EC0-301F-11D3-BF4B-00C04F79EFBC}") = "AlfaKuryer.Infrastucture", "Src\Infrastucture\AlfaKuryer.Infrastucture\AlfaKuryer.Infrastucture.csproj", "{CBA0819B-1CEE-4280-8D31-C2BBEDB663C4}"
EndProject
Global
	GlobalSection(SolutionConfigurationPlatforms) = preSolution
		Debug|Any CPU = Debug|Any CPU
		Release|Any CPU = Release|Any CPU
	EndGlobalSection
	GlobalSection(ProjectConfigurationPlatforms) = postSolution
		{739921F7-E59A-429C-A769-E0E5F831EB8B}.Debug|Any CPU.ActiveCfg = Debug|Any CPU
		{739921F7-E59A-429C-A769-E0E5F831EB8B}.Debug|Any CPU.Build.0 = Debug|Any CPU
		{739921F7-E59A-429C-A769-E0E5F831EB8B}.Release|Any CPU.ActiveCfg = Release|Any CPU
		{739921F7-E59A-429C-A769-E0E5F831EB8B}.Release|Any CPU.Build.0 = Release|Any CPU
		{36054A15-F0EC-4D88-A2A3-AA4A8708AE0E}.Debug|Any CPU.ActiveCfg = Debug|Any CPU
		{36054A15-F0EC-4D88-A2A3-AA4A8708AE0E}.Debug|Any CPU.Build.0 = Debug|Any CPU
		{36054A15-F0EC-4D88-A2A3-AA4A8708AE0E}.Release|Any CPU.ActiveCfg = Release|Any CPU
		{36054A15-F0EC-4D88-A2A3-AA4A8708AE0E}.Release|Any CPU.Build.0 = Release|Any CPU
		{705250B7-A576-4CD7-9849-67FE8815451D}.Debug|Any CPU.ActiveCfg = Debug|Any CPU
		{705250B7-A576-4CD7-9849-67FE8815451D}.Debug|Any CPU.Build.0 = Debug|Any CPU
		{705250B7-A576-4CD7-9849-67FE8815451D}.Release|Any CPU.ActiveCfg = Release|Any CPU
		{705250B7-A576-4CD7-9849-67FE8815451D}.Release|Any CPU.Build.0 = Release|Any CPU
		{EE3D7667-44D6-47C4-9638-2DA5A0D0ECD6}.Debug|Any CPU.ActiveCfg = Debug|Any CPU
		{EE3D7667-44D6-47C4-9638-2DA5A0D0ECD6}.Debug|Any CPU.Build.0 = Debug|Any CPU
		{EE3D7667-44D6-47C4-9638-2DA5A0D0ECD6}.Release|Any CPU.ActiveCfg = Release|Any CPU
		{EE3D7667-44D6-47C4-9638-2DA5A0D0ECD6}.Release|Any CPU.Build.0 = Release|Any CPU
		{CBA0819B-1CEE-4280-8D31-C2BBEDB663C4}.Debug|Any CPU.ActiveCfg = Debug|Any CPU
		{CBA0819B-1CEE-4280-8D31-C2BBEDB663C4}.Debug|Any CPU.Build.0 = Debug|Any CPU
		{CBA0819B-1CEE-4280-8D31-C2BBEDB663C4}.Release|Any CPU.ActiveCfg = Release|Any CPU
		{CBA0819B-1CEE-4280-8D31-C2BBEDB663C4}.Release|Any CPU.Build.0 = Release|Any CPU
	EndGlobalSection
	GlobalSection(SolutionProperties) = preSolution
		HideSolutionNode = FALSE
	EndGlobalSection
	GlobalSection(NestedProjects) = preSolution
		{A9B2F300-986A-44E4-88E3-2EE09B47ADFB} = {E57F5383-756F-41F5-815B-E170903D7F39}
		{739921F7-E59A-429C-A769-E0E5F831EB8B} = {A9B2F300-986A-44E4-88E3-2EE09B47ADFB}
		{F043DB02-CB0D-4946-9F11-2252367F8D09} = {E57F5383-756F-41F5-815B-E170903D7F39}
		{36054A15-F0EC-4D88-A2A3-AA4A8708AE0E} = {F043DB02-CB0D-4946-9F11-2252367F8D09}
		{705250B7-A576-4CD7-9849-67FE8815451D} = {F043DB02-CB0D-4946-9F11-2252367F8D09}
		{E408F861-3D8D-4111-AC01-1CB105DBB68D} = {E57F5383-756F-41F5-815B-E170903D7F39}
		{EE3D7667-44D6-47C4-9638-2DA5A0D0ECD6} = {E408F861-3D8D-4111-AC01-1CB105DBB68D}
		{CBA0819B-1CEE-4280-8D31-C2BBEDB663C4} = {E408F861-3D8D-4111-AC01-1CB105DBB68D}
	EndGlobalSection
	GlobalSection(ExtensibilityGlobals) = postSolution
		SolutionGuid = {1D53DC7C-48EF-4C95-8280-0F8B3DF57A1A}
	EndGlobalSection
EndGlobal
